
Microsoft Visual Studio Solution File, Format Version 12.00
# Visual Studio Version 17
VisualStudioVersion = 17.11.35327.3
MinimumVisualStudioVersion = 10.0.40219.1
Project("{FAE04EC0-301F-11D3-BF4B-00C04F79EFBC}") = "Arraydemos", "Arraydemos\Arraydemos.csproj", "{F2F579E0-2314-4FE6-A6FF-E1DFC1BEEDEF}"
EndProject
Global
	GlobalSection(SolutionConfigurationPlatforms) = preSolution
		Debug|Any CPU = Debug|Any CPU
		Release|Any CPU = Release|Any CPU
	EndGlobalSection
	GlobalSection(ProjectConfigurationPlatforms) = postSolution
		{F2F579E0-2314-4FE6-A6FF-E1DFC1BEEDEF}.Debug|Any CPU.ActiveCfg = Debug|Any CPU
		{F2F579E0-2314-4FE6-A6FF-E1DFC1BEEDEF}.Debug|Any CPU.Build.0 = Debug|Any CPU
		{F2F579E0-2314-4FE6-A6FF-E1DFC1BEEDEF}.Release|Any CPU.ActiveCfg = Release|Any CPU
		{F2F579E0-2314-4FE6-A6FF-E1DFC1BEEDEF}.Release|Any CPU.Build.0 = Release|Any CPU
	EndGlobalSection
	GlobalSection(SolutionProperties) = preSolution
		HideSolutionNode = FALSE
	EndGlobalSection
	GlobalSection(ExtensibilityGlobals) = postSolution
		SolutionGuid = {612B3C46-8564-4658-8DEA-24FA0B50004B}
	EndGlobalSection
EndGlobal
